// !$*UTF8*$!
{
	archiveVersion = 1;
	classes = {
	};
	objectVersion = 50;
	objects = {

/* Begin PBXBuildFile section */
		05D4DDFC84C55937BCD26514 /* Pods_Drop_Memory.framework in Frameworks */ = {isa = PBXBuildFile; fileRef = 4D285BE57FE1F09DD5AC4F81 /* Pods_Drop_Memory.framework */; };
		B4A304E3593C674F89D77A39 /* Pods_Drop_MemoryTests.framework in Frameworks */ = {isa = PBXBuildFile; fileRef = E25B03F40AAD502B2376FA46 /* Pods_Drop_MemoryTests.framework */; };
		C56BD4DA5A07B017617CBB8D /* Pods_Drop_MemoryUITests.framework in Frameworks */ = {isa = PBXBuildFile; fileRef = 4BBC7F22FCCC846FF391C67B /* Pods_Drop_MemoryUITests.framework */; };
		F68D1B1F22523D970093CC43 /* AppDelegate.swift in Sources */ = {isa = PBXBuildFile; fileRef = F68D1B1E22523D970093CC43 /* AppDelegate.swift */; };
		F68D1B2122523D970093CC43 /* Scene.sks in Resources */ = {isa = PBXBuildFile; fileRef = F68D1B2022523D970093CC43 /* Scene.sks */; };
		F68D1B2322523D970093CC43 /* Scene.swift in Sources */ = {isa = PBXBuildFile; fileRef = F68D1B2222523D970093CC43 /* Scene.swift */; };
		F68D1B2522523D970093CC43 /* ViewController.swift in Sources */ = {isa = PBXBuildFile; fileRef = F68D1B2422523D970093CC43 /* ViewController.swift */; };
		F68D1B2822523D970093CC43 /* Main.storyboard in Resources */ = {isa = PBXBuildFile; fileRef = F68D1B2622523D970093CC43 /* Main.storyboard */; };
		F68D1B2A22523D9A0093CC43 /* Assets.xcassets in Resources */ = {isa = PBXBuildFile; fileRef = F68D1B2922523D9A0093CC43 /* Assets.xcassets */; };
		F68D1B2D22523D9A0093CC43 /* LaunchScreen.storyboard in Resources */ = {isa = PBXBuildFile; fileRef = F68D1B2B22523D9A0093CC43 /* LaunchScreen.storyboard */; };
		F68D1B3822523D9B0093CC43 /* Drop_MemoryTests.swift in Sources */ = {isa = PBXBuildFile; fileRef = F68D1B3722523D9B0093CC43 /* Drop_MemoryTests.swift */; };
		F68D1B4322523D9B0093CC43 /* Drop_MemoryUITests.swift in Sources */ = {isa = PBXBuildFile; fileRef = F68D1B4222523D9B0093CC43 /* Drop_MemoryUITests.swift */; };
		F68D1B532252438E0093CC43 /* GoogleService-Info.plist in Resources */ = {isa = PBXBuildFile; fileRef = F68D1B522252438E0093CC43 /* GoogleService-Info.plist */; };
/* End PBXBuildFile section */

/* Begin PBXContainerItemProxy section */
		F68D1B3422523D9B0093CC43 /* PBXContainerItemProxy */ = {
			isa = PBXContainerItemProxy;
			containerPortal = F68D1B1322523D960093CC43 /* Project object */;
			proxyType = 1;
			remoteGlobalIDString = F68D1B1A22523D970093CC43;
			remoteInfo = "Drop Memory";
		};
		F68D1B3F22523D9B0093CC43 /* PBXContainerItemProxy */ = {
			isa = PBXContainerItemProxy;
			containerPortal = F68D1B1322523D960093CC43 /* Project object */;
			proxyType = 1;
			remoteGlobalIDString = F68D1B1A22523D970093CC43;
			remoteInfo = "Drop Memory";
		};
/* End PBXContainerItemProxy section */

/* Begin PBXFileReference section */
		1C7DCB5D4FAF0B03B286DD7F /* Pods-Drop MemoryTests.debug.xcconfig */ = {isa = PBXFileReference; includeInIndex = 1; lastKnownFileType = text.xcconfig; name = "Pods-Drop MemoryTests.debug.xcconfig"; path = "Target Support Files/Pods-Drop MemoryTests/Pods-Drop MemoryTests.debug.xcconfig"; sourceTree = "<group>"; };
		3ED3E5CA543BC1D82677FD83 /* Pods-Drop Memory.release.xcconfig */ = {isa = PBXFileReference; includeInIndex = 1; lastKnownFileType = text.xcconfig; name = "Pods-Drop Memory.release.xcconfig"; path = "Target Support Files/Pods-Drop Memory/Pods-Drop Memory.release.xcconfig"; sourceTree = "<group>"; };
		4BBC7F22FCCC846FF391C67B /* Pods_Drop_MemoryUITests.framework */ = {isa = PBXFileReference; explicitFileType = wrapper.framework; includeInIndex = 0; path = Pods_Drop_MemoryUITests.framework; sourceTree = BUILT_PRODUCTS_DIR; };
		4D285BE57FE1F09DD5AC4F81 /* Pods_Drop_Memory.framework */ = {isa = PBXFileReference; explicitFileType = wrapper.framework; includeInIndex = 0; path = Pods_Drop_Memory.framework; sourceTree = BUILT_PRODUCTS_DIR; };
		649CDE63E7D6B6E7B06A5498 /* Pods-Drop Memory.debug.xcconfig */ = {isa = PBXFileReference; includeInIndex = 1; lastKnownFileType = text.xcconfig; name = "Pods-Drop Memory.debug.xcconfig"; path = "Target Support Files/Pods-Drop Memory/Pods-Drop Memory.debug.xcconfig"; sourceTree = "<group>"; };
		76869CDA38FC3C8A450DC09A /* Pods-Drop MemoryUITests.release.xcconfig */ = {isa = PBXFileReference; includeInIndex = 1; lastKnownFileType = text.xcconfig; name = "Pods-Drop MemoryUITests.release.xcconfig"; path = "Target Support Files/Pods-Drop MemoryUITests/Pods-Drop MemoryUITests.release.xcconfig"; sourceTree = "<group>"; };
		AA10EE521F02FA9A2725A787 /* Pods-Drop MemoryTests.release.xcconfig */ = {isa = PBXFileReference; includeInIndex = 1; lastKnownFileType = text.xcconfig; name = "Pods-Drop MemoryTests.release.xcconfig"; path = "Target Support Files/Pods-Drop MemoryTests/Pods-Drop MemoryTests.release.xcconfig"; sourceTree = "<group>"; };
		C8A3DDF84401590E4E860D7F /* Pods-Drop MemoryUITests.debug.xcconfig */ = {isa = PBXFileReference; includeInIndex = 1; lastKnownFileType = text.xcconfig; name = "Pods-Drop MemoryUITests.debug.xcconfig"; path = "Target Support Files/Pods-Drop MemoryUITests/Pods-Drop MemoryUITests.debug.xcconfig"; sourceTree = "<group>"; };
		E25B03F40AAD502B2376FA46 /* Pods_Drop_MemoryTests.framework */ = {isa = PBXFileReference; explicitFileType = wrapper.framework; includeInIndex = 0; path = Pods_Drop_MemoryTests.framework; sourceTree = BUILT_PRODUCTS_DIR; };
		F68D1B1B22523D970093CC43 /* Drop Memory.app */ = {isa = PBXFileReference; explicitFileType = wrapper.application; includeInIndex = 0; path = "Drop Memory.app"; sourceTree = BUILT_PRODUCTS_DIR; };
		F68D1B1E22523D970093CC43 /* AppDelegate.swift */ = {isa = PBXFileReference; lastKnownFileType = sourcecode.swift; path = AppDelegate.swift; sourceTree = "<group>"; };
		F68D1B2022523D970093CC43 /* Scene.sks */ = {isa = PBXFileReference; lastKnownFileType = file.sks; path = Scene.sks; sourceTree = "<group>"; };
		F68D1B2222523D970093CC43 /* Scene.swift */ = {isa = PBXFileReference; lastKnownFileType = sourcecode.swift; path = Scene.swift; sourceTree = "<group>"; };
		F68D1B2422523D970093CC43 /* ViewController.swift */ = {isa = PBXFileReference; lastKnownFileType = sourcecode.swift; path = ViewController.swift; sourceTree = "<group>"; };
		F68D1B2722523D970093CC43 /* Base */ = {isa = PBXFileReference; lastKnownFileType = file.storyboard; name = Base; path = Base.lproj/Main.storyboard; sourceTree = "<group>"; };
		F68D1B2922523D9A0093CC43 /* Assets.xcassets */ = {isa = PBXFileReference; lastKnownFileType = folder.assetcatalog; path = Assets.xcassets; sourceTree = "<group>"; };
		F68D1B2C22523D9A0093CC43 /* Base */ = {isa = PBXFileReference; lastKnownFileType = file.storyboard; name = Base; path = Base.lproj/LaunchScreen.storyboard; sourceTree = "<group>"; };
		F68D1B2E22523D9A0093CC43 /* Info.plist */ = {isa = PBXFileReference; lastKnownFileType = text.plist.xml; path = Info.plist; sourceTree = "<group>"; };
		F68D1B3322523D9B0093CC43 /* Drop MemoryTests.xctest */ = {isa = PBXFileReference; explicitFileType = wrapper.cfbundle; includeInIndex = 0; path = "Drop MemoryTests.xctest"; sourceTree = BUILT_PRODUCTS_DIR; };
		F68D1B3722523D9B0093CC43 /* Drop_MemoryTests.swift */ = {isa = PBXFileReference; lastKnownFileType = sourcecode.swift; path = Drop_MemoryTests.swift; sourceTree = "<group>"; };
		F68D1B3922523D9B0093CC43 /* Info.plist */ = {isa = PBXFileReference; lastKnownFileType = text.plist.xml; path = Info.plist; sourceTree = "<group>"; };
		F68D1B3E22523D9B0093CC43 /* Drop MemoryUITests.xctest */ = {isa = PBXFileReference; explicitFileType = wrapper.cfbundle; includeInIndex = 0; path = "Drop MemoryUITests.xctest"; sourceTree = BUILT_PRODUCTS_DIR; };
		F68D1B4222523D9B0093CC43 /* Drop_MemoryUITests.swift */ = {isa = PBXFileReference; lastKnownFileType = sourcecode.swift; path = Drop_MemoryUITests.swift; sourceTree = "<group>"; };
		F68D1B4422523D9B0093CC43 /* Info.plist */ = {isa = PBXFileReference; lastKnownFileType = text.plist.xml; path = Info.plist; sourceTree = "<group>"; };
		F68D1B522252438E0093CC43 /* GoogleService-Info.plist */ = {isa = PBXFileReference; fileEncoding = 4; lastKnownFileType = text.plist.xml; name = "GoogleService-Info.plist"; path = "../../../../Downloads/GoogleService-Info.plist"; sourceTree = "<group>"; };
/* End PBXFileReference section */

/* Begin PBXFrameworksBuildPhase section */
		F68D1B1822523D970093CC43 /* Frameworks */ = {
			isa = PBXFrameworksBuildPhase;
			buildActionMask = 2147483647;
			files = (
				05D4DDFC84C55937BCD26514 /* Pods_Drop_Memory.framework in Frameworks */,
			);
			runOnlyForDeploymentPostprocessing = 0;
		};
		F68D1B3022523D9B0093CC43 /* Frameworks */ = {
			isa = PBXFrameworksBuildPhase;
			buildActionMask = 2147483647;
			files = (
				B4A304E3593C674F89D77A39 /* Pods_Drop_MemoryTests.framework in Frameworks */,
			);
			runOnlyForDeploymentPostprocessing = 0;
		};
		F68D1B3B22523D9B0093CC43 /* Frameworks */ = {
			isa = PBXFrameworksBuildPhase;
			buildActionMask = 2147483647;
			files = (
				C56BD4DA5A07B017617CBB8D /* Pods_Drop_MemoryUITests.framework in Frameworks */,
			);
			runOnlyForDeploymentPostprocessing = 0;
		};
/* End PBXFrameworksBuildPhase section */

/* Begin PBXGroup section */
		691E3318A66EFB1B555C211A /* Pods */ = {
			isa = PBXGroup;
			children = (
				649CDE63E7D6B6E7B06A5498 /* Pods-Drop Memory.debug.xcconfig */,
				3ED3E5CA543BC1D82677FD83 /* Pods-Drop Memory.release.xcconfig */,
				1C7DCB5D4FAF0B03B286DD7F /* Pods-Drop MemoryTests.debug.xcconfig */,
				AA10EE521F02FA9A2725A787 /* Pods-Drop MemoryTests.release.xcconfig */,
				C8A3DDF84401590E4E860D7F /* Pods-Drop MemoryUITests.debug.xcconfig */,
				76869CDA38FC3C8A450DC09A /* Pods-Drop MemoryUITests.release.xcconfig */,
			);
			path = Pods;
			sourceTree = "<group>";
		};
		707E2468578BB86F9999A60E /* Frameworks */ = {
			isa = PBXGroup;
			children = (
				4D285BE57FE1F09DD5AC4F81 /* Pods_Drop_Memory.framework */,
				E25B03F40AAD502B2376FA46 /* Pods_Drop_MemoryTests.framework */,
				4BBC7F22FCCC846FF391C67B /* Pods_Drop_MemoryUITests.framework */,
			);
			name = Frameworks;
			sourceTree = "<group>";
		};
		F68D1B1222523D960093CC43 = {
			isa = PBXGroup;
			children = (
				F68D1B1D22523D970093CC43 /* Drop Memory */,
				F68D1B3622523D9B0093CC43 /* Drop MemoryTests */,
				F68D1B4122523D9B0093CC43 /* Drop MemoryUITests */,
				F68D1B1C22523D970093CC43 /* Products */,
				691E3318A66EFB1B555C211A /* Pods */,
				707E2468578BB86F9999A60E /* Frameworks */,
			);
			sourceTree = "<group>";
		};
		F68D1B1C22523D970093CC43 /* Products */ = {
			isa = PBXGroup;
			children = (
				F68D1B1B22523D970093CC43 /* Drop Memory.app */,
				F68D1B3322523D9B0093CC43 /* Drop MemoryTests.xctest */,
				F68D1B3E22523D9B0093CC43 /* Drop MemoryUITests.xctest */,
			);
			name = Products;
			sourceTree = "<group>";
		};
		F68D1B1D22523D970093CC43 /* Drop Memory */ = {
			isa = PBXGroup;
			children = (
				F68D1B522252438E0093CC43 /* GoogleService-Info.plist */,
				F68D1B1E22523D970093CC43 /* AppDelegate.swift */,
				F68D1B2022523D970093CC43 /* Scene.sks */,
				F68D1B2222523D970093CC43 /* Scene.swift */,
				F68D1B2422523D970093CC43 /* ViewController.swift */,
				F68D1B2622523D970093CC43 /* Main.storyboard */,
				F68D1B2922523D9A0093CC43 /* Assets.xcassets */,
				F68D1B2B22523D9A0093CC43 /* LaunchScreen.storyboard */,
				F68D1B2E22523D9A0093CC43 /* Info.plist */,
			);
			path = "Drop Memory";
			sourceTree = "<group>";
		};
		F68D1B3622523D9B0093CC43 /* Drop MemoryTests */ = {
			isa = PBXGroup;
			children = (
				F68D1B3722523D9B0093CC43 /* Drop_MemoryTests.swift */,
				F68D1B3922523D9B0093CC43 /* Info.plist */,
			);
			path = "Drop MemoryTests";
			sourceTree = "<group>";
		};
		F68D1B4122523D9B0093CC43 /* Drop MemoryUITests */ = {
			isa = PBXGroup;
			children = (
				F68D1B4222523D9B0093CC43 /* Drop_MemoryUITests.swift */,
				F68D1B4422523D9B0093CC43 /* Info.plist */,
			);
			path = "Drop MemoryUITests";
			sourceTree = "<group>";
		};
/* End PBXGroup section */

/* Begin PBXNativeTarget section */
		F68D1B1A22523D970093CC43 /* Drop Memory */ = {
			isa = PBXNativeTarget;
			buildConfigurationList = F68D1B4722523D9B0093CC43 /* Build configuration list for PBXNativeTarget "Drop Memory" */;
			buildPhases = (
				DFFE9CF8E6CDCD52711039D5 /* [CP] Check Pods Manifest.lock */,
				F68D1B1722523D970093CC43 /* Sources */,
				F68D1B1822523D970093CC43 /* Frameworks */,
				F68D1B1922523D970093CC43 /* Resources */,
				F2E7283480ADBCBA14232EB2 /* [CP] Embed Pods Frameworks */,
			);
			buildRules = (
			);
			dependencies = (
			);
			name = "Drop Memory";
			productName = "Drop Memory";
			productReference = F68D1B1B22523D970093CC43 /* Drop Memory.app */;
			productType = "com.apple.product-type.application";
		};
		F68D1B3222523D9B0093CC43 /* Drop MemoryTests */ = {
			isa = PBXNativeTarget;
			buildConfigurationList = F68D1B4A22523D9B0093CC43 /* Build configuration list for PBXNativeTarget "Drop MemoryTests" */;
			buildPhases = (
				C4BB5C26BFAAD74BD4769005 /* [CP] Check Pods Manifest.lock */,
				F68D1B2F22523D9B0093CC43 /* Sources */,
				F68D1B3022523D9B0093CC43 /* Frameworks */,
				F68D1B3122523D9B0093CC43 /* Resources */,
			);
			buildRules = (
			);
			dependencies = (
				F68D1B3522523D9B0093CC43 /* PBXTargetDependency */,
			);
			name = "Drop MemoryTests";
			productName = "Drop MemoryTests";
			productReference = F68D1B3322523D9B0093CC43 /* Drop MemoryTests.xctest */;
			productType = "com.apple.product-type.bundle.unit-test";
		};
		F68D1B3D22523D9B0093CC43 /* Drop MemoryUITests */ = {
			isa = PBXNativeTarget;
			buildConfigurationList = F68D1B4D22523D9B0093CC43 /* Build configuration list for PBXNativeTarget "Drop MemoryUITests" */;
			buildPhases = (
				FD050A04094D24F16D6669E8 /* [CP] Check Pods Manifest.lock */,
				F68D1B3A22523D9B0093CC43 /* Sources */,
				F68D1B3B22523D9B0093CC43 /* Frameworks */,
				F68D1B3C22523D9B0093CC43 /* Resources */,
			);
			buildRules = (
			);
			dependencies = (
				F68D1B4022523D9B0093CC43 /* PBXTargetDependency */,
			);
			name = "Drop MemoryUITests";
			productName = "Drop MemoryUITests";
			productReference = F68D1B3E22523D9B0093CC43 /* Drop MemoryUITests.xctest */;
			productType = "com.apple.product-type.bundle.ui-testing";
		};
/* End PBXNativeTarget section */

/* Begin PBXProject section */
		F68D1B1322523D960093CC43 /* Project object */ = {
			isa = PBXProject;
			attributes = {
				LastSwiftUpdateCheck = 1020;
				LastUpgradeCheck = 1020;
				ORGANIZATIONNAME = DVT;
				TargetAttributes = {
					F68D1B1A22523D970093CC43 = {
						CreatedOnToolsVersion = 10.2;
					};
					F68D1B3222523D9B0093CC43 = {
						CreatedOnToolsVersion = 10.2;
						TestTargetID = F68D1B1A22523D970093CC43;
					};
					F68D1B3D22523D9B0093CC43 = {
						CreatedOnToolsVersion = 10.2;
						TestTargetID = F68D1B1A22523D970093CC43;
					};
				};
			};
			buildConfigurationList = F68D1B1622523D960093CC43 /* Build configuration list for PBXProject "Drop Memory" */;
			compatibilityVersion = "Xcode 9.3";
			developmentRegion = en;
			hasScannedForEncodings = 0;
			knownRegions = (
				en,
				Base,
			);
			mainGroup = F68D1B1222523D960093CC43;
			productRefGroup = F68D1B1C22523D970093CC43 /* Products */;
			projectDirPath = "";
			projectRoot = "";
			targets = (
				F68D1B1A22523D970093CC43 /* Drop Memory */,
				F68D1B3222523D9B0093CC43 /* Drop MemoryTests */,
				F68D1B3D22523D9B0093CC43 /* Drop MemoryUITests */,
			);
		};
/* End PBXProject section */

/* Begin PBXResourcesBuildPhase section */
		F68D1B1922523D970093CC43 /* Resources */ = {
			isa = PBXResourcesBuildPhase;
			buildActionMask = 2147483647;
			files = (
				F68D1B2122523D970093CC43 /* Scene.sks in Resources */,
				F68D1B2D22523D9A0093CC43 /* LaunchScreen.storyboard in Resources */,
				F68D1B532252438E0093CC43 /* GoogleService-Info.plist in Resources */,
				F68D1B2A22523D9A0093CC43 /* Assets.xcassets in Resources */,
				F68D1B2822523D970093CC43 /* Main.storyboard in Resources */,
			);
			runOnlyForDeploymentPostprocessing = 0;
		};
		F68D1B3122523D9B0093CC43 /* Resources */ = {
			isa = PBXResourcesBuildPhase;
			buildActionMask = 2147483647;
			files = (
			);
			runOnlyForDeploymentPostprocessing = 0;
		};
		F68D1B3C22523D9B0093CC43 /* Resources */ = {
			isa = PBXResourcesBuildPhase;
			buildActionMask = 2147483647;
			files = (
			);
			runOnlyForDeploymentPostprocessing = 0;
		};
/* End PBXResourcesBuildPhase section */

/* Begin PBXShellScriptBuildPhase section */
		C4BB5C26BFAAD74BD4769005 /* [CP] Check Pods Manifest.lock */ = {
			isa = PBXShellScriptBuildPhase;
			buildActionMask = 2147483647;
			files = (
			);
			inputFileListPaths = (
			);
			inputPaths = (
				"${PODS_PODFILE_DIR_PATH}/Podfile.lock",
				"${PODS_ROOT}/Manifest.lock",
			);
			name = "[CP] Check Pods Manifest.lock";
			outputFileListPaths = (
			);
			outputPaths = (
				"$(DERIVED_FILE_DIR)/Pods-Drop MemoryTests-checkManifestLockResult.txt",
			);
			runOnlyForDeploymentPostprocessing = 0;
			shellPath = /bin/sh;
			shellScript = "diff \"${PODS_PODFILE_DIR_PATH}/Podfile.lock\" \"${PODS_ROOT}/Manifest.lock\" > /dev/null\nif [ $? != 0 ] ; then\n    # print error to STDERR\n    echo \"error: The sandbox is not in sync with the Podfile.lock. Run 'pod install' or update your CocoaPods installation.\" >&2\n    exit 1\nfi\n# This output is used by Xcode 'outputs' to avoid re-running this script phase.\necho \"SUCCESS\" > \"${SCRIPT_OUTPUT_FILE_0}\"\n";
			showEnvVarsInLog = 0;
		};
		DFFE9CF8E6CDCD52711039D5 /* [CP] Check Pods Manifest.lock */ = {
			isa = PBXShellScriptBuildPhase;
			buildActionMask = 2147483647;
			files = (
			);
			inputFileListPaths = (
			);
			inputPaths = (
				"${PODS_PODFILE_DIR_PATH}/Podfile.lock",
				"${PODS_ROOT}/Manifest.lock",
			);
			name = "[CP] Check Pods Manifest.lock";
			outputFileListPaths = (
			);
			outputPaths = (
				"$(DERIVED_FILE_DIR)/Pods-Drop Memory-checkManifestLockResult.txt",
			);
			runOnlyForDeploymentPostprocessing = 0;
			shellPath = /bin/sh;
			shellScript = "diff \"${PODS_PODFILE_DIR_PATH}/Podfile.lock\" \"${PODS_ROOT}/Manifest.lock\" > /dev/null\nif [ $? != 0 ] ; then\n    # print error to STDERR\n    echo \"error: The sandbox is not in sync with the Podfile.lock. Run 'pod install' or update your CocoaPods installation.\" >&2\n    exit 1\nfi\n# This output is used by Xcode 'outputs' to avoid re-running this script phase.\necho \"SUCCESS\" > \"${SCRIPT_OUTPUT_FILE_0}\"\n";
			showEnvVarsInLog = 0;
		};
		F2E7283480ADBCBA14232EB2 /* [CP] Embed Pods Frameworks */ = {
			isa = PBXShellScriptBuildPhase;
			buildActionMask = 2147483647;
			files = (
			);
			inputFileListPaths = (
			);
			inputPaths = (
				"${PODS_ROOT}/Target Support Files/Pods-Drop Memory/Pods-Drop Memory-frameworks.sh",
				"${BUILT_PRODUCTS_DIR}/GoogleUtilities/GoogleUtilities.framework",
				"${BUILT_PRODUCTS_DIR}/nanopb/nanopb.framework",
			);
			name = "[CP] Embed Pods Frameworks";
			outputFileListPaths = (
			);
			outputPaths = (
				"${TARGET_BUILD_DIR}/${FRAMEWORKS_FOLDER_PATH}/GoogleUtilities.framework",
				"${TARGET_BUILD_DIR}/${FRAMEWORKS_FOLDER_PATH}/nanopb.framework",
			);
			runOnlyForDeploymentPostprocessing = 0;
			shellPath = /bin/sh;
			shellScript = "\"${PODS_ROOT}/Target Support Files/Pods-Drop Memory/Pods-Drop Memory-frameworks.sh\"\n";
			showEnvVarsInLog = 0;
		};
		FD050A04094D24F16D6669E8 /* [CP] Check Pods Manifest.lock */ = {
			isa = PBXShellScriptBuildPhase;
			buildActionMask = 2147483647;
			files = (
			);
			inputFileListPaths = (
			);
			inputPaths = (
				"${PODS_PODFILE_DIR_PATH}/Podfile.lock",
				"${PODS_ROOT}/Manifest.lock",
			);
			name = "[CP] Check Pods Manifest.lock";
			outputFileListPaths = (
			);
			outputPaths = (
				"$(DERIVED_FILE_DIR)/Pods-Drop MemoryUITests-checkManifestLockResult.txt",
			);
			runOnlyForDeploymentPostprocessing = 0;
			shellPath = /bin/sh;
			shellScript = "diff \"${PODS_PODFILE_DIR_PATH}/Podfile.lock\" \"${PODS_ROOT}/Manifest.lock\" > /dev/null\nif [ $? != 0 ] ; then\n    # print error to STDERR\n    echo \"error: The sandbox is not in sync with the Podfile.lock. Run 'pod install' or update your CocoaPods installation.\" >&2\n    exit 1\nfi\n# This output is used by Xcode 'outputs' to avoid re-running this script phase.\necho \"SUCCESS\" > \"${SCRIPT_OUTPUT_FILE_0}\"\n";
			showEnvVarsInLog = 0;
		};
/* End PBXShellScriptBuildPhase section */

/* Begin PBXSourcesBuildPhase section */
		F68D1B1722523D970093CC43 /* Sources */ = {
			isa = PBXSourcesBuildPhase;
			buildActionMask = 2147483647;
			files = (
				F68D1B2522523D970093CC43 /* ViewController.swift in Sources */,
				F68D1B2322523D970093CC43 /* Scene.swift in Sources */,
				F68D1B1F22523D970093CC43 /* AppDelegate.swift in Sources */,
			);
			runOnlyForDeploymentPostprocessing = 0;
		};
		F68D1B2F22523D9B0093CC43 /* Sources */ = {
			isa = PBXSourcesBuildPhase;
			buildActionMask = 2147483647;
			files = (
				F68D1B3822523D9B0093CC43 /* Drop_MemoryTests.swift in Sources */,
			);
			runOnlyForDeploymentPostprocessing = 0;
		};
		F68D1B3A22523D9B0093CC43 /* Sources */ = {
			isa = PBXSourcesBuildPhase;
			buildActionMask = 2147483647;
			files = (
				F68D1B4322523D9B0093CC43 /* Drop_MemoryUITests.swift in Sources */,
			);
			runOnlyForDeploymentPostprocessing = 0;
		};
/* End PBXSourcesBuildPhase section */

/* Begin PBXTargetDependency section */
		F68D1B3522523D9B0093CC43 /* PBXTargetDependency */ = {
			isa = PBXTargetDependency;
			target = F68D1B1A22523D970093CC43 /* Drop Memory */;
			targetProxy = F68D1B3422523D9B0093CC43 /* PBXContainerItemProxy */;
		};
		F68D1B4022523D9B0093CC43 /* PBXTargetDependency */ = {
			isa = PBXTargetDependency;
			target = F68D1B1A22523D970093CC43 /* Drop Memory */;
			targetProxy = F68D1B3F22523D9B0093CC43 /* PBXContainerItemProxy */;
		};
/* End PBXTargetDependency section */

/* Begin PBXVariantGroup section */
		F68D1B2622523D970093CC43 /* Main.storyboard */ = {
			isa = PBXVariantGroup;
			children = (
				F68D1B2722523D970093CC43 /* Base */,
			);
			name = Main.storyboard;
			sourceTree = "<group>";
		};
		F68D1B2B22523D9A0093CC43 /* LaunchScreen.storyboard */ = {
			isa = PBXVariantGroup;
			children = (
				F68D1B2C22523D9A0093CC43 /* Base */,
			);
			name = LaunchScreen.storyboard;
			sourceTree = "<group>";
		};
/* End PBXVariantGroup section */

/* Begin XCBuildConfiguration section */
		F68D1B4522523D9B0093CC43 /* Debug */ = {
			isa = XCBuildConfiguration;
			buildSettings = {
				ALWAYS_SEARCH_USER_PATHS = NO;
				CLANG_ANALYZER_NONNULL = YES;
				CLANG_ANALYZER_NUMBER_OBJECT_CONVERSION = YES_AGGRESSIVE;
				CLANG_CXX_LANGUAGE_STANDARD = "gnu++14";
				CLANG_CXX_LIBRARY = "libc++";
				CLANG_ENABLE_MODULES = YES;
				CLANG_ENABLE_OBJC_ARC = YES;
				CLANG_ENABLE_OBJC_WEAK = YES;
				CLANG_WARN_BLOCK_CAPTURE_AUTORELEASING = YES;
				CLANG_WARN_BOOL_CONVERSION = YES;
				CLANG_WARN_COMMA = YES;
				CLANG_WARN_CONSTANT_CONVERSION = YES;
				CLANG_WARN_DEPRECATED_OBJC_IMPLEMENTATIONS = YES;
				CLANG_WARN_DIRECT_OBJC_ISA_USAGE = YES_ERROR;
				CLANG_WARN_DOCUMENTATION_COMMENTS = YES;
				CLANG_WARN_EMPTY_BODY = YES;
				CLANG_WARN_ENUM_CONVERSION = YES;
				CLANG_WARN_INFINITE_RECURSION = YES;
				CLANG_WARN_INT_CONVERSION = YES;
				CLANG_WARN_NON_LITERAL_NULL_CONVERSION = YES;
				CLANG_WARN_OBJC_IMPLICIT_RETAIN_SELF = YES;
				CLANG_WARN_OBJC_LITERAL_CONVERSION = YES;
				CLANG_WARN_OBJC_ROOT_CLASS = YES_ERROR;
				CLANG_WARN_RANGE_LOOP_ANALYSIS = YES;
				CLANG_WARN_STRICT_PROTOTYPES = YES;
				CLANG_WARN_SUSPICIOUS_MOVE = YES;
				CLANG_WARN_UNGUARDED_AVAILABILITY = YES_AGGRESSIVE;
				CLANG_WARN_UNREACHABLE_CODE = YES;
				CLANG_WARN__DUPLICATE_METHOD_MATCH = YES;
				CODE_SIGN_IDENTITY = "iPhone Developer";
				COPY_PHASE_STRIP = NO;
				DEBUG_INFORMATION_FORMAT = dwarf;
				ENABLE_STRICT_OBJC_MSGSEND = YES;
				ENABLE_TESTABILITY = YES;
				GCC_C_LANGUAGE_STANDARD = gnu11;
				GCC_DYNAMIC_NO_PIC = NO;
				GCC_NO_COMMON_BLOCKS = YES;
				GCC_OPTIMIZATION_LEVEL = 0;
				GCC_PREPROCESSOR_DEFINITIONS = (
					"DEBUG=1",
					"$(inherited)",
				);
				GCC_WARN_64_TO_32_BIT_CONVERSION = YES;
				GCC_WARN_ABOUT_RETURN_TYPE = YES_ERROR;
				GCC_WARN_UNDECLARED_SELECTOR = YES;
				GCC_WARN_UNINITIALIZED_AUTOS = YES_AGGRESSIVE;
				GCC_WARN_UNUSED_FUNCTION = YES;
				GCC_WARN_UNUSED_VARIABLE = YES;
				IPHONEOS_DEPLOYMENT_TARGET = 12.2;
				MTL_ENABLE_DEBUG_INFO = INCLUDE_SOURCE;
				MTL_FAST_MATH = YES;
				ONLY_ACTIVE_ARCH = YES;
				SDKROOT = iphoneos;
				SWIFT_ACTIVE_COMPILATION_CONDITIONS = DEBUG;
				SWIFT_OPTIMIZATION_LEVEL = "-Onone";
			};
			name = Debug;
		};
		F68D1B4622523D9B0093CC43 /* Release */ = {
			isa = XCBuildConfiguration;
			buildSettings = {
				ALWAYS_SEARCH_USER_PATHS = NO;
				CLANG_ANALYZER_NONNULL = YES;
				CLANG_ANALYZER_NUMBER_OBJECT_CONVERSION = YES_AGGRESSIVE;
				CLANG_CXX_LANGUAGE_STANDARD = "gnu++14";
				CLANG_CXX_LIBRARY = "libc++";
				CLANG_ENABLE_MODULES = YES;
				CLANG_ENABLE_OBJC_ARC = YES;
				CLANG_ENABLE_OBJC_WEAK = YES;
				CLANG_WARN_BLOCK_CAPTURE_AUTORELEASING = YES;
				CLANG_WARN_BOOL_CONVERSION = YES;
				CLANG_WARN_COMMA = YES;
				CLANG_WARN_CONSTANT_CONVERSION = YES;
				CLANG_WARN_DEPRECATED_OBJC_IMPLEMENTATIONS = YES;
				CLANG_WARN_DIRECT_OBJC_ISA_USAGE = YES_ERROR;
				CLANG_WARN_DOCUMENTATION_COMMENTS = YES;
				CLANG_WARN_EMPTY_BODY = YES;
				CLANG_WARN_ENUM_CONVERSION = YES;
				CLANG_WARN_INFINITE_RECURSION = YES;
				CLANG_WARN_INT_CONVERSION = YES;
				CLANG_WARN_NON_LITERAL_NULL_CONVERSION = YES;
				CLANG_WARN_OBJC_IMPLICIT_RETAIN_SELF = YES;
				CLANG_WARN_OBJC_LITERAL_CONVERSION = YES;
				CLANG_WARN_OBJC_ROOT_CLASS = YES_ERROR;
				CLANG_WARN_RANGE_LOOP_ANALYSIS = YES;
				CLANG_WARN_STRICT_PROTOTYPES = YES;
				CLANG_WARN_SUSPICIOUS_MOVE = YES;
				CLANG_WARN_UNGUARDED_AVAILABILITY = YES_AGGRESSIVE;
				CLANG_WARN_UNREACHABLE_CODE = YES;
				CLANG_WARN__DUPLICATE_METHOD_MATCH = YES;
				CODE_SIGN_IDENTITY = "iPhone Developer";
				COPY_PHASE_STRIP = NO;
				DEBUG_INFORMATION_FORMAT = "dwarf-with-dsym";
				ENABLE_NS_ASSERTIONS = NO;
				ENABLE_STRICT_OBJC_MSGSEND = YES;
				GCC_C_LANGUAGE_STANDARD = gnu11;
				GCC_NO_COMMON_BLOCKS = YES;
				GCC_WARN_64_TO_32_BIT_CONVERSION = YES;
				GCC_WARN_ABOUT_RETURN_TYPE = YES_ERROR;
				GCC_WARN_UNDECLARED_SELECTOR = YES;
				GCC_WARN_UNINITIALIZED_AUTOS = YES_AGGRESSIVE;
				GCC_WARN_UNUSED_FUNCTION = YES;
				GCC_WARN_UNUSED_VARIABLE = YES;
				IPHONEOS_DEPLOYMENT_TARGET = 12.2;
				MTL_ENABLE_DEBUG_INFO = NO;
				MTL_FAST_MATH = YES;
				SDKROOT = iphoneos;
				SWIFT_COMPILATION_MODE = wholemodule;
				SWIFT_OPTIMIZATION_LEVEL = "-O";
				VALIDATE_PRODUCT = YES;
			};
			name = Release;
		};
		F68D1B4822523D9B0093CC43 /* Debug */ = {
			isa = XCBuildConfiguration;
			baseConfigurationReference = 649CDE63E7D6B6E7B06A5498 /* Pods-Drop Memory.debug.xcconfig */;
			buildSettings = {
				ASSETCATALOG_COMPILER_APPICON_NAME = AppIcon;
				CODE_SIGN_STYLE = Automatic;
				DEVELOPMENT_TEAM = ND4RV4252N;
				INFOPLIST_FILE = "Drop Memory/Info.plist";
				LD_RUNPATH_SEARCH_PATHS = (
					"$(inherited)",
					"@executable_path/Frameworks",
				);
				PRODUCT_BUNDLE_IDENTIFIER = "za.co.dvt.Drop-Memory";
				PRODUCT_NAME = "$(TARGET_NAME)";
				SWIFT_VERSION = 5.0;
				TARGETED_DEVICE_FAMILY = "1,2";
			};
			name = Debug;
		};
		F68D1B4922523D9B0093CC43 /* Release */ = {
			isa = XCBuildConfiguration;
			baseConfigurationReference = 3ED3E5CA543BC1D82677FD83 /* Pods-Drop Memory.release.xcconfig */;
			buildSettings = {
				ASSETCATALOG_COMPILER_APPICON_NAME = AppIcon;
				CODE_SIGN_STYLE = Automatic;
				DEVELOPMENT_TEAM = ND4RV4252N;
				INFOPLIST_FILE = "Drop Memory/Info.plist";
				LD_RUNPATH_SEARCH_PATHS = (
					"$(inherited)",
					"@executable_path/Frameworks",
				);
				PRODUCT_BUNDLE_IDENTIFIER = "za.co.dvt.Drop-Memory";
				PRODUCT_NAME = "$(TARGET_NAME)";
				SWIFT_VERSION = 5.0;
				TARGETED_DEVICE_FAMILY = "1,2";
			};
			name = Release;
		};
		F68D1B4B22523D9B0093CC43 /* Debug */ = {
			isa = XCBuildConfiguration;
			baseConfigurationReference = 1C7DCB5D4FAF0B03B286DD7F /* Pods-Drop MemoryTests.debug.xcconfig */;
			buildSettings = {
				ALWAYS_EMBED_SWIFT_STANDARD_LIBRARIES = YES;
				BUNDLE_LOADER = "$(TEST_HOST)";
				CODE_SIGN_STYLE = Automatic;
				DEVELOPMENT_TEAM = ND4RV4252N;
				INFOPLIST_FILE = "Drop MemoryTests/Info.plist";
				LD_RUNPATH_SEARCH_PATHS = (
					"$(inherited)",
					"@executable_path/Frameworks",
					"@loader_path/Frameworks",
				);
				PRODUCT_BUNDLE_IDENTIFIER = "za.co.dvt.Drop-MemoryTests";
				PRODUCT_NAME = "$(TARGET_NAME)";
				SWIFT_VERSION = 5.0;
				TARGETED_DEVICE_FAMILY = "1,2";
				TEST_HOST = "$(BUILT_PRODUCTS_DIR)/Drop Memory.app/Drop Memory";
			};
			name = Debug;
		};
		F68D1B4C22523D9B0093CC43 /* Release */ = {
			isa = XCBuildConfiguration;
			baseConfigurationReference = AA10EE521F02FA9A2725A787 /* Pods-Drop MemoryTests.release.xcconfig */;
			buildSettings = {
				ALWAYS_EMBED_SWIFT_STANDARD_LIBRARIES = YES;
				BUNDLE_LOADER = "$(TEST_HOST)";
				CODE_SIGN_STYLE = Automatic;
				DEVELOPMENT_TEAM = ND4RV4252N;
				INFOPLIST_FILE = "Drop MemoryTests/Info.plist";
				LD_RUNPATH_SEARCH_PATHS = (
					"$(inherited)",
					"@executable_path/Frameworks",
					"@loader_path/Frameworks",
				);
				PRODUCT_BUNDLE_IDENTIFIER = "za.co.dvt.Drop-MemoryTests";
				PRODUCT_NAME = "$(TARGET_NAME)";
				SWIFT_VERSION = 5.0;
				TARGETED_DEVICE_FAMILY = "1,2";
				TEST_HOST = "$(BUILT_PRODUCTS_DIR)/Drop Memory.app/Drop Memory";
			};
			name = Release;
		};
		F68D1B4E22523D9B0093CC43 /* Debug */ = {
			isa = XCBuildConfiguration;
			baseConfigurationReference = C8A3DDF84401590E4E860D7F /* Pods-Drop MemoryUITests.debug.xcconfig */;
			buildSettings = {
				ALWAYS_EMBED_SWIFT_STANDARD_LIBRARIES = YES;
				CODE_SIGN_STYLE = Automatic;
				DEVELOPMENT_TEAM = ND4RV4252N;
				INFOPLIST_FILE = "Drop MemoryUITests/Info.plist";
				LD_RUNPATH_SEARCH_PATHS = (
					"$(inherited)",
					"@executable_path/Frameworks",
					"@loader_path/Frameworks",
				);
				PRODUCT_BUNDLE_IDENTIFIER = "za.co.dvt.Drop-MemoryUITests";
				PRODUCT_NAME = "$(TARGET_NAME)";
				SWIFT_VERSION = 5.0;
				TARGETED_DEVICE_FAMILY = "1,2";
				TEST_TARGET_NAME = "Drop Memory";
			};
			name = Debug;
		};
		F68D1B4F22523D9B0093CC43 /* Release */ = {
			isa = XCBuildConfiguration;
			baseConfigurationReference = 76869CDA38FC3C8A450DC09A /* Pods-Drop MemoryUITests.release.xcconfig */;
			buildSettings = {
				ALWAYS_EMBED_SWIFT_STANDARD_LIBRARIES = YES;
				CODE_SIGN_STYLE = Automatic;
				DEVELOPMENT_TEAM = ND4RV4252N;
				INFOPLIST_FILE = "Drop MemoryUITests/Info.plist";
				LD_RUNPATH_SEARCH_PATHS = (
					"$(inherited)",
					"@executable_path/Frameworks",
					"@loader_path/Frameworks",
				);
				PRODUCT_BUNDLE_IDENTIFIER = "za.co.dvt.Drop-MemoryUITests";
				PRODUCT_NAME = "$(TARGET_NAME)";
				SWIFT_VERSION = 5.0;
				TARGETED_DEVICE_FAMILY = "1,2";
				TEST_TARGET_NAME = "Drop Memory";
			};
			name = Release;
		};
/* End XCBuildConfiguration section */

/* Begin XCConfigurationList section */
		F68D1B1622523D960093CC43 /* Build configuration list for PBXProject "Drop Memory" */ = {
			isa = XCConfigurationList;
			buildConfigurations = (
				F68D1B4522523D9B0093CC43 /* Debug */,
				F68D1B4622523D9B0093CC43 /* Release */,
			);
			defaultConfigurationIsVisible = 0;
			defaultConfigurationName = Release;
		};
		F68D1B4722523D9B0093CC43 /* Build configuration list for PBXNativeTarget "Drop Memory" */ = {
			isa = XCConfigurationList;
			buildConfigurations = (
				F68D1B4822523D9B0093CC43 /* Debug */,
				F68D1B4922523D9B0093CC43 /* Release */,
			);
			defaultConfigurationIsVisible = 0;
			defaultConfigurationName = Release;
		};
		F68D1B4A22523D9B0093CC43 /* Build configuration list for PBXNativeTarget "Drop MemoryTests" */ = {
			isa = XCConfigurationList;
			buildConfigurations = (
				F68D1B4B22523D9B0093CC43 /* Debug */,
				F68D1B4C22523D9B0093CC43 /* Release */,
			);
			defaultConfigurationIsVisible = 0;
			defaultConfigurationName = Release;
		};
		F68D1B4D22523D9B0093CC43 /* Build configuration list for PBXNativeTarget "Drop MemoryUITests" */ = {
			isa = XCConfigurationList;
			buildConfigurations = (
				F68D1B4E22523D9B0093CC43 /* Debug */,
				F68D1B4F22523D9B0093CC43 /* Release */,
			);
			defaultConfigurationIsVisible = 0;
			defaultConfigurationName = Release;
		};
/* End XCConfigurationList section */
	};
	rootObject = F68D1B1322523D960093CC43 /* Project object */;
}
